
Microsoft Visual Studio Solution File, Format Version 12.00
# Visual Studio Version 17
VisualStudioVersion = 17.5.33627.172
MinimumVisualStudioVersion = 10.0.40219.1
Project("{FAE04EC0-301F-11D3-BF4B-00C04F79EFBC}") = "Inventory.Web", "Inventory.Web\Inventory.Web.csproj", "{B6328901-D8C4-485D-A401-6FB0C67173C0}"
EndProject
Project("{FAE04EC0-301F-11D3-BF4B-00C04F79EFBC}") = "Inventory.Repository", "Inventory.Repository\Inventory.Repository.csproj", "{80DD24EF-0261-4414-B119-04D987212E45}"
EndProject
Project("{FAE04EC0-301F-11D3-BF4B-00C04F79EFBC}") = "Inventory.Model", "Inventory.Model\Inventory.Model.csproj", "{DD583E51-F125-4140-8908-96036173BD06}"
EndProject
Project("{FAE04EC0-301F-11D3-BF4B-00C04F79EFBC}") = "Inventory.Service", "Inventory.Service\Inventory.Service.csproj", "{5D6B8398-B903-471C-A427-A61766585A12}"
EndProject
Project("{FAE04EC0-301F-11D3-BF4B-00C04F79EFBC}") = "Inventory.Utility", "Inventory.Utility\Inventory.Utility.csproj", "{1CF5CF42-86E8-4EDA-8015-3E4C91015145}"
EndProject
Global
	GlobalSection(SolutionConfigurationPlatforms) = preSolution
		Debug|Any CPU = Debug|Any CPU
		Release|Any CPU = Release|Any CPU
	EndGlobalSection
	GlobalSection(ProjectConfigurationPlatforms) = postSolution
		{B6328901-D8C4-485D-A401-6FB0C67173C0}.Debug|Any CPU.ActiveCfg = Debug|Any CPU
		{B6328901-D8C4-485D-A401-6FB0C67173C0}.Debug|Any CPU.Build.0 = Debug|Any CPU
		{B6328901-D8C4-485D-A401-6FB0C67173C0}.Release|Any CPU.ActiveCfg = Release|Any CPU
		{B6328901-D8C4-485D-A401-6FB0C67173C0}.Release|Any CPU.Build.0 = Release|Any CPU
		{80DD24EF-0261-4414-B119-04D987212E45}.Debug|Any CPU.ActiveCfg = Debug|Any CPU
		{80DD24EF-0261-4414-B119-04D987212E45}.Debug|Any CPU.Build.0 = Debug|Any CPU
		{80DD24EF-0261-4414-B119-04D987212E45}.Release|Any CPU.ActiveCfg = Release|Any CPU
		{80DD24EF-0261-4414-B119-04D987212E45}.Release|Any CPU.Build.0 = Release|Any CPU
		{DD583E51-F125-4140-8908-96036173BD06}.Debug|Any CPU.ActiveCfg = Debug|Any CPU
		{DD583E51-F125-4140-8908-96036173BD06}.Debug|Any CPU.Build.0 = Debug|Any CPU
		{DD583E51-F125-4140-8908-96036173BD06}.Release|Any CPU.ActiveCfg = Release|Any CPU
		{DD583E51-F125-4140-8908-96036173BD06}.Release|Any CPU.Build.0 = Release|Any CPU
		{5D6B8398-B903-471C-A427-A61766585A12}.Debug|Any CPU.ActiveCfg = Debug|Any CPU
		{5D6B8398-B903-471C-A427-A61766585A12}.Debug|Any CPU.Build.0 = Debug|Any CPU
		{5D6B8398-B903-471C-A427-A61766585A12}.Release|Any CPU.ActiveCfg = Release|Any CPU
		{5D6B8398-B903-471C-A427-A61766585A12}.Release|Any CPU.Build.0 = Release|Any CPU
		{1CF5CF42-86E8-4EDA-8015-3E4C91015145}.Debug|Any CPU.ActiveCfg = Debug|Any CPU
		{1CF5CF42-86E8-4EDA-8015-3E4C91015145}.Debug|Any CPU.Build.0 = Debug|Any CPU
		{1CF5CF42-86E8-4EDA-8015-3E4C91015145}.Release|Any CPU.ActiveCfg = Release|Any CPU
		{1CF5CF42-86E8-4EDA-8015-3E4C91015145}.Release|Any CPU.Build.0 = Release|Any CPU
	EndGlobalSection
	GlobalSection(SolutionProperties) = preSolution
		HideSolutionNode = FALSE
	EndGlobalSection
	GlobalSection(ExtensibilityGlobals) = postSolution
		SolutionGuid = {EECFB6C3-3077-42B7-9C26-2D36C35D03BE}
	EndGlobalSection
EndGlobal
