
Microsoft Visual Studio Solution File, Format Version 12.00
# Visual Studio Version 17
VisualStudioVersion = 17.5.33627.172
MinimumVisualStudioVersion = 10.0.40219.1
Project("{FAE04EC0-301F-11D3-BF4B-00C04F79EFBC}") = "RMS.WebAPI", "RMS.WebAPI\RMS.WebAPI.csproj", "{8617E1C0-03A7-4159-B434-8BC908F1A7A0}"
EndProject
Global
	GlobalSection(SolutionConfigurationPlatforms) = preSolution
		Debug|Any CPU = Debug|Any CPU
		Release|Any CPU = Release|Any CPU
	EndGlobalSection
	GlobalSection(ProjectConfigurationPlatforms) = postSolution
		{8617E1C0-03A7-4159-B434-8BC908F1A7A0}.Debug|Any CPU.ActiveCfg = Debug|Any CPU
		{8617E1C0-03A7-4159-B434-8BC908F1A7A0}.Debug|Any CPU.Build.0 = Debug|Any CPU
		{8617E1C0-03A7-4159-B434-8BC908F1A7A0}.Release|Any CPU.ActiveCfg = Release|Any CPU
		{8617E1C0-03A7-4159-B434-8BC908F1A7A0}.Release|Any CPU.Build.0 = Release|Any CPU
	EndGlobalSection
	GlobalSection(SolutionProperties) = preSolution
		HideSolutionNode = FALSE
	EndGlobalSection
	GlobalSection(ExtensibilityGlobals) = postSolution
		SolutionGuid = {2A7A4C03-C2F1-43A9-935E-075D453F8A3B}
	EndGlobalSection
EndGlobal
