
Microsoft Visual Studio Solution File, Format Version 12.00
# Visual Studio Version 17
VisualStudioVersion = 17.5.33627.172
MinimumVisualStudioVersion = 10.0.40219.1
Project("{9A19103F-16F7-4668-BE54-9A1E7A4F7556}") = "Test.DeskTop", "Test.DeskTop\Test.DeskTop.csproj", "{6E17B5BC-E845-480B-A0DD-B5D9922D41D9}"
EndProject
Project("{FAE04EC0-301F-11D3-BF4B-00C04F79EFBC}") = "Test.Domain", "Test.Domain\Test.Domain.csproj", "{6144526F-A3ED-4928-9145-3F93B1CCBAD3}"
EndProject
Global
	GlobalSection(SolutionConfigurationPlatforms) = preSolution
		Debug|Any CPU = Debug|Any CPU
		Release|Any CPU = Release|Any CPU
	EndGlobalSection
	GlobalSection(ProjectConfigurationPlatforms) = postSolution
		{6E17B5BC-E845-480B-A0DD-B5D9922D41D9}.Debug|Any CPU.ActiveCfg = Debug|Any CPU
		{6E17B5BC-E845-480B-A0DD-B5D9922D41D9}.Debug|Any CPU.Build.0 = Debug|Any CPU
		{6E17B5BC-E845-480B-A0DD-B5D9922D41D9}.Release|Any CPU.ActiveCfg = Release|Any CPU
		{6E17B5BC-E845-480B-A0DD-B5D9922D41D9}.Release|Any CPU.Build.0 = Release|Any CPU
		{6144526F-A3ED-4928-9145-3F93B1CCBAD3}.Debug|Any CPU.ActiveCfg = Debug|Any CPU
		{6144526F-A3ED-4928-9145-3F93B1CCBAD3}.Debug|Any CPU.Build.0 = Debug|Any CPU
		{6144526F-A3ED-4928-9145-3F93B1CCBAD3}.Release|Any CPU.ActiveCfg = Release|Any CPU
		{6144526F-A3ED-4928-9145-3F93B1CCBAD3}.Release|Any CPU.Build.0 = Release|Any CPU
	EndGlobalSection
	GlobalSection(SolutionProperties) = preSolution
		HideSolutionNode = FALSE
	EndGlobalSection
	GlobalSection(ExtensibilityGlobals) = postSolution
		SolutionGuid = {BE150AC1-D368-43D8-AE86-E2D5E34302F3}
	EndGlobalSection
EndGlobal
